
Microsoft Visual Studio Solution File, Format Version 12.00
# Visual Studio 15
VisualStudioVersion = 15.0.27703.2000
MinimumVisualStudioVersion = 10.0.40219.1
Project("{FAE04EC0-301F-11D3-BF4B-00C04F79EFBC}") = "Defusing_the_bomb", "Defusing_the_bomb.csproj", "{62B9FEB4-0109-4407-B1A0-0A0E4345D490}"
EndProject
Project("{FAE04EC0-301F-11D3-BF4B-00C04F79EFBC}") = "Defusing_the_bomb2", "..\Defusing_the_bomb2\Defusing_the_bomb2.csproj", "{B71B9BEB-9292-42D3-A7B6-000482F5FE61}"
EndProject
Global
	GlobalSection(SolutionConfigurationPlatforms) = preSolution
		Debug|Any CPU = Debug|Any CPU
		Release|Any CPU = Release|Any CPU
	EndGlobalSection
	GlobalSection(ProjectConfigurationPlatforms) = postSolution
		{62B9FEB4-0109-4407-B1A0-0A0E4345D490}.Debug|Any CPU.ActiveCfg = Debug|Any CPU
		{62B9FEB4-0109-4407-B1A0-0A0E4345D490}.Debug|Any CPU.Build.0 = Debug|Any CPU
		{62B9FEB4-0109-4407-B1A0-0A0E4345D490}.Release|Any CPU.ActiveCfg = Release|Any CPU
		{62B9FEB4-0109-4407-B1A0-0A0E4345D490}.Release|Any CPU.Build.0 = Release|Any CPU
		{B71B9BEB-9292-42D3-A7B6-000482F5FE61}.Debug|Any CPU.ActiveCfg = Debug|Any CPU
		{B71B9BEB-9292-42D3-A7B6-000482F5FE61}.Debug|Any CPU.Build.0 = Debug|Any CPU
		{B71B9BEB-9292-42D3-A7B6-000482F5FE61}.Release|Any CPU.ActiveCfg = Release|Any CPU
		{B71B9BEB-9292-42D3-A7B6-000482F5FE61}.Release|Any CPU.Build.0 = Release|Any CPU
	EndGlobalSection
	GlobalSection(SolutionProperties) = preSolution
		HideSolutionNode = FALSE
	EndGlobalSection
	GlobalSection(ExtensibilityGlobals) = postSolution
		SolutionGuid = {A1E84565-DEA8-4881-8568-6418743E6351}
	EndGlobalSection
EndGlobal
